
Microsoft Visual Studio Solution File, Format Version 12.00
# Visual Studio Version 17
VisualStudioVersion = 17.11.35303.130
MinimumVisualStudioVersion = 10.0.40219.1
Project("{8BC9CEB8-8B4A-11D0-8D11-00A0C91BC942}") = "Lab_07.1i", "Lab_07.1i\Lab_07.1i.vcxproj", "{49C45D93-B44E-41EE-A678-B6036A81F344}"
EndProject
Project("{8BC9CEB8-8B4A-11D0-8D11-00A0C91BC942}") = "UnitTest1", "UnitTest1\UnitTest1.vcxproj", "{76B77022-B277-4538-A685-18AA9EEA3617}"
EndProject
Global
	GlobalSection(SolutionConfigurationPlatforms) = preSolution
		Debug|x64 = Debug|x64
		Debug|x86 = Debug|x86
		Release|x64 = Release|x64
		Release|x86 = Release|x86
	EndGlobalSection
	GlobalSection(ProjectConfigurationPlatforms) = postSolution
		{49C45D93-B44E-41EE-A678-B6036A81F344}.Debug|x64.ActiveCfg = Debug|x64
		{49C45D93-B44E-41EE-A678-B6036A81F344}.Debug|x64.Build.0 = Debug|x64
		{49C45D93-B44E-41EE-A678-B6036A81F344}.Debug|x86.ActiveCfg = Debug|Win32
		{49C45D93-B44E-41EE-A678-B6036A81F344}.Debug|x86.Build.0 = Debug|Win32
		{49C45D93-B44E-41EE-A678-B6036A81F344}.Release|x64.ActiveCfg = Release|x64
		{49C45D93-B44E-41EE-A678-B6036A81F344}.Release|x64.Build.0 = Release|x64
		{49C45D93-B44E-41EE-A678-B6036A81F344}.Release|x86.ActiveCfg = Release|Win32
		{49C45D93-B44E-41EE-A678-B6036A81F344}.Release|x86.Build.0 = Release|Win32
		{76B77022-B277-4538-A685-18AA9EEA3617}.Debug|x64.ActiveCfg = Debug|x64
		{76B77022-B277-4538-A685-18AA9EEA3617}.Debug|x64.Build.0 = Debug|x64
		{76B77022-B277-4538-A685-18AA9EEA3617}.Debug|x86.ActiveCfg = Debug|Win32
		{76B77022-B277-4538-A685-18AA9EEA3617}.Debug|x86.Build.0 = Debug|Win32
		{76B77022-B277-4538-A685-18AA9EEA3617}.Release|x64.ActiveCfg = Release|x64
		{76B77022-B277-4538-A685-18AA9EEA3617}.Release|x64.Build.0 = Release|x64
		{76B77022-B277-4538-A685-18AA9EEA3617}.Release|x86.ActiveCfg = Release|Win32
		{76B77022-B277-4538-A685-18AA9EEA3617}.Release|x86.Build.0 = Release|Win32
	EndGlobalSection
	GlobalSection(SolutionProperties) = preSolution
		HideSolutionNode = FALSE
	EndGlobalSection
	GlobalSection(ExtensibilityGlobals) = postSolution
		SolutionGuid = {C7547A34-ADA7-4B2B-866E-E4327F7E20F6}
	EndGlobalSection
EndGlobal
